// !$*UTF8*$!
{
	archiveVersion = 1;
	classes = {
	};
	objectVersion = 56;
	objects = {

/* Begin PBXBuildFile section */
		FA48224F29508E5100CFBF0D /* AppDelegate.swift in Sources */ = {isa = PBXBuildFile; fileRef = FA48224E29508E5100CFBF0D /* AppDelegate.swift */; };
		FA48225129508E5100CFBF0D /* SceneDelegate.swift in Sources */ = {isa = PBXBuildFile; fileRef = FA48225029508E5100CFBF0D /* SceneDelegate.swift */; };
		FA48225329508E5100CFBF0D /* ViewController.swift in Sources */ = {isa = PBXBuildFile; fileRef = FA48225229508E5100CFBF0D /* ViewController.swift */; };
		FA48225629508E5100CFBF0D /* Main.storyboard in Resources */ = {isa = PBXBuildFile; fileRef = FA48225429508E5100CFBF0D /* Main.storyboard */; };
		FA48225829508E5200CFBF0D /* Assets.xcassets in Resources */ = {isa = PBXBuildFile; fileRef = FA48225729508E5200CFBF0D /* Assets.xcassets */; };
		FA48225B29508E5200CFBF0D /* LaunchScreen.storyboard in Resources */ = {isa = PBXBuildFile; fileRef = FA48225929508E5200CFBF0D /* LaunchScreen.storyboard */; };
		FA48226629508E5200CFBF0D /* Lesson2ExcerciseTests.swift in Sources */ = {isa = PBXBuildFile; fileRef = FA48226529508E5200CFBF0D /* Lesson2ExcerciseTests.swift */; };
		FA48227029508E5200CFBF0D /* Lesson2ExcerciseUITests.swift in Sources */ = {isa = PBXBuildFile; fileRef = FA48226F29508E5200CFBF0D /* Lesson2ExcerciseUITests.swift */; };
		FA48227229508E5200CFBF0D /* Lesson2ExcerciseUITestsLaunchTests.swift in Sources */ = {isa = PBXBuildFile; fileRef = FA48227129508E5200CFBF0D /* Lesson2ExcerciseUITestsLaunchTests.swift */; };
/* End PBXBuildFile section */

/* Begin PBXContainerItemProxy section */
		FA48226229508E5200CFBF0D /* PBXContainerItemProxy */ = {
			isa = PBXContainerItemProxy;
			containerPortal = FA48224329508E5100CFBF0D /* Project object */;
			proxyType = 1;
			remoteGlobalIDString = FA48224A29508E5100CFBF0D;
			remoteInfo = Lesson2Excercise;
		};
		FA48226C29508E5200CFBF0D /* PBXContainerItemProxy */ = {
			isa = PBXContainerItemProxy;
			containerPortal = FA48224329508E5100CFBF0D /* Project object */;
			proxyType = 1;
			remoteGlobalIDString = FA48224A29508E5100CFBF0D;
			remoteInfo = Lesson2Excercise;
		};
/* End PBXContainerItemProxy section */

/* Begin PBXFileReference section */
		FA48224B29508E5100CFBF0D /* Lesson2Excercise.app */ = {isa = PBXFileReference; explicitFileType = wrapper.application; includeInIndex = 0; path = Lesson2Excercise.app; sourceTree = BUILT_PRODUCTS_DIR; };
		FA48224E29508E5100CFBF0D /* AppDelegate.swift */ = {isa = PBXFileReference; lastKnownFileType = sourcecode.swift; path = AppDelegate.swift; sourceTree = "<group>"; };
		FA48225029508E5100CFBF0D /* SceneDelegate.swift */ = {isa = PBXFileReference; lastKnownFileType = sourcecode.swift; path = SceneDelegate.swift; sourceTree = "<group>"; };
		FA48225229508E5100CFBF0D /* ViewController.swift */ = {isa = PBXFileReference; lastKnownFileType = sourcecode.swift; path = ViewController.swift; sourceTree = "<group>"; };
		FA48225529508E5100CFBF0D /* Base */ = {isa = PBXFileReference; lastKnownFileType = file.storyboard; name = Base; path = Base.lproj/Main.storyboard; sourceTree = "<group>"; };
		FA48225729508E5200CFBF0D /* Assets.xcassets */ = {isa = PBXFileReference; lastKnownFileType = folder.assetcatalog; path = Assets.xcassets; sourceTree = "<group>"; };
		FA48225A29508E5200CFBF0D /* Base */ = {isa = PBXFileReference; lastKnownFileType = file.storyboard; name = Base; path = Base.lproj/LaunchScreen.storyboard; sourceTree = "<group>"; };
		FA48225C29508E5200CFBF0D /* Info.plist */ = {isa = PBXFileReference; lastKnownFileType = text.plist.xml; path = Info.plist; sourceTree = "<group>"; };
		FA48226129508E5200CFBF0D /* Lesson2ExcerciseTests.xctest */ = {isa = PBXFileReference; explicitFileType = wrapper.cfbundle; includeInIndex = 0; path = Lesson2ExcerciseTests.xctest; sourceTree = BUILT_PRODUCTS_DIR; };
		FA48226529508E5200CFBF0D /* Lesson2ExcerciseTests.swift */ = {isa = PBXFileReference; lastKnownFileType = sourcecode.swift; path = Lesson2ExcerciseTests.swift; sourceTree = "<group>"; };
		FA48226B29508E5200CFBF0D /* Lesson2ExcerciseUITests.xctest */ = {isa = PBXFileReference; explicitFileType = wrapper.cfbundle; includeInIndex = 0; path = Lesson2ExcerciseUITests.xctest; sourceTree = BUILT_PRODUCTS_DIR; };
		FA48226F29508E5200CFBF0D /* Lesson2ExcerciseUITests.swift */ = {isa = PBXFileReference; lastKnownFileType = sourcecode.swift; path = Lesson2ExcerciseUITests.swift; sourceTree = "<group>"; };
		FA48227129508E5200CFBF0D /* Lesson2ExcerciseUITestsLaunchTests.swift */ = {isa = PBXFileReference; lastKnownFileType = sourcecode.swift; path = Lesson2ExcerciseUITestsLaunchTests.swift; sourceTree = "<group>"; };
/* End PBXFileReference section */

/* Begin PBXFrameworksBuildPhase section */
		FA48224829508E5100CFBF0D /* Frameworks */ = {
			isa = PBXFrameworksBuildPhase;
			buildActionMask = 2147483647;
			files = (
			);
			runOnlyForDeploymentPostprocessing = 0;
		};
		FA48225E29508E5200CFBF0D /* Frameworks */ = {
			isa = PBXFrameworksBuildPhase;
			buildActionMask = 2147483647;
			files = (
			);
			runOnlyForDeploymentPostprocessing = 0;
		};
		FA48226829508E5200CFBF0D /* Frameworks */ = {
			isa = PBXFrameworksBuildPhase;
			buildActionMask = 2147483647;
			files = (
			);
			runOnlyForDeploymentPostprocessing = 0;
		};
/* End PBXFrameworksBuildPhase section */

/* Begin PBXGroup section */
		FA48224229508E5100CFBF0D = {
			isa = PBXGroup;
			children = (
				FA48224D29508E5100CFBF0D /* Lesson2Excercise */,
				FA48226429508E5200CFBF0D /* Lesson2ExcerciseTests */,
				FA48226E29508E5200CFBF0D /* Lesson2ExcerciseUITests */,
				FA48224C29508E5100CFBF0D /* Products */,
			);
			sourceTree = "<group>";
		};
		FA48224C29508E5100CFBF0D /* Products */ = {
			isa = PBXGroup;
			children = (
				FA48224B29508E5100CFBF0D /* Lesson2Excercise.app */,
				FA48226129508E5200CFBF0D /* Lesson2ExcerciseTests.xctest */,
				FA48226B29508E5200CFBF0D /* Lesson2ExcerciseUITests.xctest */,
			);
			name = Products;
			sourceTree = "<group>";
		};
		FA48224D29508E5100CFBF0D /* Lesson2Excercise */ = {
			isa = PBXGroup;
			children = (
				FA48224E29508E5100CFBF0D /* AppDelegate.swift */,
				FA48225029508E5100CFBF0D /* SceneDelegate.swift */,
				FA48225229508E5100CFBF0D /* ViewController.swift */,
				FA48225429508E5100CFBF0D /* Main.storyboard */,
				FA48225729508E5200CFBF0D /* Assets.xcassets */,
				FA48225929508E5200CFBF0D /* LaunchScreen.storyboard */,
				FA48225C29508E5200CFBF0D /* Info.plist */,
			);
			path = Lesson2Excercise;
			sourceTree = "<group>";
		};
		FA48226429508E5200CFBF0D /* Lesson2ExcerciseTests */ = {
			isa = PBXGroup;
			children = (
				FA48226529508E5200CFBF0D /* Lesson2ExcerciseTests.swift */,
			);
			path = Lesson2ExcerciseTests;
			sourceTree = "<group>";
		};
		FA48226E29508E5200CFBF0D /* Lesson2ExcerciseUITests */ = {
			isa = PBXGroup;
			children = (
				FA48226F29508E5200CFBF0D /* Lesson2ExcerciseUITests.swift */,
				FA48227129508E5200CFBF0D /* Lesson2ExcerciseUITestsLaunchTests.swift */,
			);
			path = Lesson2ExcerciseUITests;
			sourceTree = "<group>";
		};
/* End PBXGroup section */

/* Begin PBXNativeTarget section */
		FA48224A29508E5100CFBF0D /* Lesson2Excercise */ = {
			isa = PBXNativeTarget;
			buildConfigurationList = FA48227529508E5200CFBF0D /* Build configuration list for PBXNativeTarget "Lesson2Excercise" */;
			buildPhases = (
				FA48224729508E5100CFBF0D /* Sources */,
				FA48224829508E5100CFBF0D /* Frameworks */,
				FA48224929508E5100CFBF0D /* Resources */,
			);
			buildRules = (
			);
			dependencies = (
			);
			name = Lesson2Excercise;
			productName = Lesson2Excercise;
			productReference = FA48224B29508E5100CFBF0D /* Lesson2Excercise.app */;
			productType = "com.apple.product-type.application";
		};
		FA48226029508E5200CFBF0D /* Lesson2ExcerciseTests */ = {
			isa = PBXNativeTarget;
			buildConfigurationList = FA48227829508E5200CFBF0D /* Build configuration list for PBXNativeTarget "Lesson2ExcerciseTests" */;
			buildPhases = (
				FA48225D29508E5200CFBF0D /* Sources */,
				FA48225E29508E5200CFBF0D /* Frameworks */,
				FA48225F29508E5200CFBF0D /* Resources */,
			);
			buildRules = (
			);
			dependencies = (
				FA48226329508E5200CFBF0D /* PBXTargetDependency */,
			);
			name = Lesson2ExcerciseTests;
			productName = Lesson2ExcerciseTests;
			productReference = FA48226129508E5200CFBF0D /* Lesson2ExcerciseTests.xctest */;
			productType = "com.apple.product-type.bundle.unit-test";
		};
		FA48226A29508E5200CFBF0D /* Lesson2ExcerciseUITests */ = {
			isa = PBXNativeTarget;
			buildConfigurationList = FA48227B29508E5200CFBF0D /* Build configuration list for PBXNativeTarget "Lesson2ExcerciseUITests" */;
			buildPhases = (
				FA48226729508E5200CFBF0D /* Sources */,
				FA48226829508E5200CFBF0D /* Frameworks */,
				FA48226929508E5200CFBF0D /* Resources */,
			);
			buildRules = (
			);
			dependencies = (
				FA48226D29508E5200CFBF0D /* PBXTargetDependency */,
			);
			name = Lesson2ExcerciseUITests;
			productName = Lesson2ExcerciseUITests;
			productReference = FA48226B29508E5200CFBF0D /* Lesson2ExcerciseUITests.xctest */;
			productType = "com.apple.product-type.bundle.ui-testing";
		};
/* End PBXNativeTarget section */

/* Begin PBXProject section */
		FA48224329508E5100CFBF0D /* Project object */ = {
			isa = PBXProject;
			attributes = {
				BuildIndependentTargetsInParallel = 1;
				LastSwiftUpdateCheck = 1420;
				LastUpgradeCheck = 1420;
				TargetAttributes = {
					FA48224A29508E5100CFBF0D = {
						CreatedOnToolsVersion = 14.2;
					};
					FA48226029508E5200CFBF0D = {
						CreatedOnToolsVersion = 14.2;
						TestTargetID = FA48224A29508E5100CFBF0D;
					};
					FA48226A29508E5200CFBF0D = {
						CreatedOnToolsVersion = 14.2;
						TestTargetID = FA48224A29508E5100CFBF0D;
					};
				};
			};
			buildConfigurationList = FA48224629508E5100CFBF0D /* Build configuration list for PBXProject "Lesson2Excercise" */;
			compatibilityVersion = "Xcode 14.0";
			developmentRegion = en;
			hasScannedForEncodings = 0;
			knownRegions = (
				en,
				Base,
			);
			mainGroup = FA48224229508E5100CFBF0D;
			productRefGroup = FA48224C29508E5100CFBF0D /* Products */;
			projectDirPath = "";
			projectRoot = "";
			targets = (
				FA48224A29508E5100CFBF0D /* Lesson2Excercise */,
				FA48226029508E5200CFBF0D /* Lesson2ExcerciseTests */,
				FA48226A29508E5200CFBF0D /* Lesson2ExcerciseUITests */,
			);
		};
/* End PBXProject section */

/* Begin PBXResourcesBuildPhase section */
		FA48224929508E5100CFBF0D /* Resources */ = {
			isa = PBXResourcesBuildPhase;
			buildActionMask = 2147483647;
			files = (
				FA48225B29508E5200CFBF0D /* LaunchScreen.storyboard in Resources */,
				FA48225829508E5200CFBF0D /* Assets.xcassets in Resources */,
				FA48225629508E5100CFBF0D /* Main.storyboard in Resources */,
			);
			runOnlyForDeploymentPostprocessing = 0;
		};
		FA48225F29508E5200CFBF0D /* Resources */ = {
			isa = PBXResourcesBuildPhase;
			buildActionMask = 2147483647;
			files = (
			);
			runOnlyForDeploymentPostprocessing = 0;
		};
		FA48226929508E5200CFBF0D /* Resources */ = {
			isa = PBXResourcesBuildPhase;
			buildActionMask = 2147483647;
			files = (
			);
			runOnlyForDeploymentPostprocessing = 0;
		};
/* End PBXResourcesBuildPhase section */

/* Begin PBXSourcesBuildPhase section */
		FA48224729508E5100CFBF0D /* Sources */ = {
			isa = PBXSourcesBuildPhase;
			buildActionMask = 2147483647;
			files = (
				FA48225329508E5100CFBF0D /* ViewController.swift in Sources */,
				FA48224F29508E5100CFBF0D /* AppDelegate.swift in Sources */,
				FA48225129508E5100CFBF0D /* SceneDelegate.swift in Sources */,
			);
			runOnlyForDeploymentPostprocessing = 0;
		};
		FA48225D29508E5200CFBF0D /* Sources */ = {
			isa = PBXSourcesBuildPhase;
			buildActionMask = 2147483647;
			files = (
				FA48226629508E5200CFBF0D /* Lesson2ExcerciseTests.swift in Sources */,
			);
			runOnlyForDeploymentPostprocessing = 0;
		};
		FA48226729508E5200CFBF0D /* Sources */ = {
			isa = PBXSourcesBuildPhase;
			buildActionMask = 2147483647;
			files = (
				FA48227029508E5200CFBF0D /* Lesson2ExcerciseUITests.swift in Sources */,
				FA48227229508E5200CFBF0D /* Lesson2ExcerciseUITestsLaunchTests.swift in Sources */,
			);
			runOnlyForDeploymentPostprocessing = 0;
		};
/* End PBXSourcesBuildPhase section */

/* Begin PBXTargetDependency section */
		FA48226329508E5200CFBF0D /* PBXTargetDependency */ = {
			isa = PBXTargetDependency;
			target = FA48224A29508E5100CFBF0D /* Lesson2Excercise */;
			targetProxy = FA48226229508E5200CFBF0D /* PBXContainerItemProxy */;
		};
		FA48226D29508E5200CFBF0D /* PBXTargetDependency */ = {
			isa = PBXTargetDependency;
			target = FA48224A29508E5100CFBF0D /* Lesson2Excercise */;
			targetProxy = FA48226C29508E5200CFBF0D /* PBXContainerItemProxy */;
		};
/* End PBXTargetDependency section */

/* Begin PBXVariantGroup section */
		FA48225429508E5100CFBF0D /* Main.storyboard */ = {
			isa = PBXVariantGroup;
			children = (
				FA48225529508E5100CFBF0D /* Base */,
			);
			name = Main.storyboard;
			sourceTree = "<group>";
		};
		FA48225929508E5200CFBF0D /* LaunchScreen.storyboard */ = {
			isa = PBXVariantGroup;
			children = (
				FA48225A29508E5200CFBF0D /* Base */,
			);
			name = LaunchScreen.storyboard;
			sourceTree = "<group>";
		};
/* End PBXVariantGroup section */

/* Begin XCBuildConfiguration section */
		FA48227329508E5200CFBF0D /* Debug */ = {
			isa = XCBuildConfiguration;
			buildSettings = {
				ALWAYS_SEARCH_USER_PATHS = NO;
				CLANG_ANALYZER_NONNULL = YES;
				CLANG_ANALYZER_NUMBER_OBJECT_CONVERSION = YES_AGGRESSIVE;
				CLANG_CXX_LANGUAGE_STANDARD = "gnu++20";
				CLANG_ENABLE_MODULES = YES;
				CLANG_ENABLE_OBJC_ARC = YES;
				CLANG_ENABLE_OBJC_WEAK = YES;
				CLANG_WARN_BLOCK_CAPTURE_AUTORELEASING = YES;
				CLANG_WARN_BOOL_CONVERSION = YES;
				CLANG_WARN_COMMA = YES;
				CLANG_WARN_CONSTANT_CONVERSION = YES;
				CLANG_WARN_DEPRECATED_OBJC_IMPLEMENTATIONS = YES;
				CLANG_WARN_DIRECT_OBJC_ISA_USAGE = YES_ERROR;
				CLANG_WARN_DOCUMENTATION_COMMENTS = YES;
				CLANG_WARN_EMPTY_BODY = YES;
				CLANG_WARN_ENUM_CONVERSION = YES;
				CLANG_WARN_INFINITE_RECURSION = YES;
				CLANG_WARN_INT_CONVERSION = YES;
				CLANG_WARN_NON_LITERAL_NULL_CONVERSION = YES;
				CLANG_WARN_OBJC_IMPLICIT_RETAIN_SELF = YES;
				CLANG_WARN_OBJC_LITERAL_CONVERSION = YES;
				CLANG_WARN_OBJC_ROOT_CLASS = YES_ERROR;
				CLANG_WARN_QUOTED_INCLUDE_IN_FRAMEWORK_HEADER = YES;
				CLANG_WARN_RANGE_LOOP_ANALYSIS = YES;
				CLANG_WARN_STRICT_PROTOTYPES = YES;
				CLANG_WARN_SUSPICIOUS_MOVE = YES;
				CLANG_WARN_UNGUARDED_AVAILABILITY = YES_AGGRESSIVE;
				CLANG_WARN_UNREACHABLE_CODE = YES;
				CLANG_WARN__DUPLICATE_METHOD_MATCH = YES;
				COPY_PHASE_STRIP = NO;
				DEBUG_INFORMATION_FORMAT = dwarf;
				ENABLE_STRICT_OBJC_MSGSEND = YES;
				ENABLE_TESTABILITY = YES;
				GCC_C_LANGUAGE_STANDARD = gnu11;
				GCC_DYNAMIC_NO_PIC = NO;
				GCC_NO_COMMON_BLOCKS = YES;
				GCC_OPTIMIZATION_LEVEL = 0;
				GCC_PREPROCESSOR_DEFINITIONS = (
					"DEBUG=1",
					"$(inherited)",
				);
				GCC_WARN_64_TO_32_BIT_CONVERSION = YES;
				GCC_WARN_ABOUT_RETURN_TYPE = YES_ERROR;
				GCC_WARN_UNDECLARED_SELECTOR = YES;
				GCC_WARN_UNINITIALIZED_AUTOS = YES_AGGRESSIVE;
				GCC_WARN_UNUSED_FUNCTION = YES;
				GCC_WARN_UNUSED_VARIABLE = YES;
				IPHONEOS_DEPLOYMENT_TARGET = 16.2;
				MTL_ENABLE_DEBUG_INFO = INCLUDE_SOURCE;
				MTL_FAST_MATH = YES;
				ONLY_ACTIVE_ARCH = YES;
				SDKROOT = iphoneos;
				SWIFT_ACTIVE_COMPILATION_CONDITIONS = DEBUG;
				SWIFT_OPTIMIZATION_LEVEL = "-Onone";
			};
			name = Debug;
		};
		FA48227429508E5200CFBF0D /* Release */ = {
			isa = XCBuildConfiguration;
			buildSettings = {
				ALWAYS_SEARCH_USER_PATHS = NO;
				CLANG_ANALYZER_NONNULL = YES;
				CLANG_ANALYZER_NUMBER_OBJECT_CONVERSION = YES_AGGRESSIVE;
				CLANG_CXX_LANGUAGE_STANDARD = "gnu++20";
				CLANG_ENABLE_MODULES = YES;
				CLANG_ENABLE_OBJC_ARC = YES;
				CLANG_ENABLE_OBJC_WEAK = YES;
				CLANG_WARN_BLOCK_CAPTURE_AUTORELEASING = YES;
				CLANG_WARN_BOOL_CONVERSION = YES;
				CLANG_WARN_COMMA = YES;
				CLANG_WARN_CONSTANT_CONVERSION = YES;
				CLANG_WARN_DEPRECATED_OBJC_IMPLEMENTATIONS = YES;
				CLANG_WARN_DIRECT_OBJC_ISA_USAGE = YES_ERROR;
				CLANG_WARN_DOCUMENTATION_COMMENTS = YES;
				CLANG_WARN_EMPTY_BODY = YES;
				CLANG_WARN_ENUM_CONVERSION = YES;
				CLANG_WARN_INFINITE_RECURSION = YES;
				CLANG_WARN_INT_CONVERSION = YES;
				CLANG_WARN_NON_LITERAL_NULL_CONVERSION = YES;
				CLANG_WARN_OBJC_IMPLICIT_RETAIN_SELF = YES;
				CLANG_WARN_OBJC_LITERAL_CONVERSION = YES;
				CLANG_WARN_OBJC_ROOT_CLASS = YES_ERROR;
				CLANG_WARN_QUOTED_INCLUDE_IN_FRAMEWORK_HEADER = YES;
				CLANG_WARN_RANGE_LOOP_ANALYSIS = YES;
				CLANG_WARN_STRICT_PROTOTYPES = YES;
				CLANG_WARN_SUSPICIOUS_MOVE = YES;
				CLANG_WARN_UNGUARDED_AVAILABILITY = YES_AGGRESSIVE;
				CLANG_WARN_UNREACHABLE_CODE = YES;
				CLANG_WARN__DUPLICATE_METHOD_MATCH = YES;
				COPY_PHASE_STRIP = NO;
				DEBUG_INFORMATION_FORMAT = "dwarf-with-dsym";
				ENABLE_NS_ASSERTIONS = NO;
				ENABLE_STRICT_OBJC_MSGSEND = YES;
				GCC_C_LANGUAGE_STANDARD = gnu11;
				GCC_NO_COMMON_BLOCKS = YES;
				GCC_WARN_64_TO_32_BIT_CONVERSION = YES;
				GCC_WARN_ABOUT_RETURN_TYPE = YES_ERROR;
				GCC_WARN_UNDECLARED_SELECTOR = YES;
				GCC_WARN_UNINITIALIZED_AUTOS = YES_AGGRESSIVE;
				GCC_WARN_UNUSED_FUNCTION = YES;
				GCC_WARN_UNUSED_VARIABLE = YES;
				IPHONEOS_DEPLOYMENT_TARGET = 16.2;
				MTL_ENABLE_DEBUG_INFO = NO;
				MTL_FAST_MATH = YES;
				SDKROOT = iphoneos;
				SWIFT_COMPILATION_MODE = wholemodule;
				SWIFT_OPTIMIZATION_LEVEL = "-O";
				VALIDATE_PRODUCT = YES;
			};
			name = Release;
		};
		FA48227629508E5200CFBF0D /* Debug */ = {
			isa = XCBuildConfiguration;
			buildSettings = {
				ASSETCATALOG_COMPILER_APPICON_NAME = AppIcon;
				ASSETCATALOG_COMPILER_GLOBAL_ACCENT_COLOR_NAME = AccentColor;
				CODE_SIGN_STYLE = Automatic;
				CURRENT_PROJECT_VERSION = 1;
				GENERATE_INFOPLIST_FILE = YES;
				INFOPLIST_FILE = Lesson2Excercise/Info.plist;
				INFOPLIST_KEY_UIApplicationSupportsIndirectInputEvents = YES;
				INFOPLIST_KEY_UILaunchStoryboardName = LaunchScreen;
				INFOPLIST_KEY_UIMainStoryboardFile = Main;
				INFOPLIST_KEY_UISupportedInterfaceOrientations_iPad = "UIInterfaceOrientationPortrait UIInterfaceOrientationPortraitUpsideDown UIInterfaceOrientationLandscapeLeft UIInterfaceOrientationLandscapeRight";
				INFOPLIST_KEY_UISupportedInterfaceOrientations_iPhone = "UIInterfaceOrientationPortrait UIInterfaceOrientationLandscapeLeft UIInterfaceOrientationLandscapeRight";
				LD_RUNPATH_SEARCH_PATHS = (
					"$(inherited)",
					"@executable_path/Frameworks",
				);
				MARKETING_VERSION = 1.0;
				PRODUCT_BUNDLE_IDENTIFIER = ll.Lesson2Excercise;
				PRODUCT_NAME = "$(TARGET_NAME)";
				SWIFT_EMIT_LOC_STRINGS = YES;
				SWIFT_VERSION = 5.0;
				TARGETED_DEVICE_FAMILY = "1,2";
			};
			name = Debug;
		};
		FA48227729508E5200CFBF0D /* Release */ = {
			isa = XCBuildConfiguration;
			buildSettings = {
				ASSETCATALOG_COMPILER_APPICON_NAME = AppIcon;
				ASSETCATALOG_COMPILER_GLOBAL_ACCENT_COLOR_NAME = AccentColor;
				CODE_SIGN_STYLE = Automatic;
				CURRENT_PROJECT_VERSION = 1;
				GENERATE_INFOPLIST_FILE = YES;
				INFOPLIST_FILE = Lesson2Excercise/Info.plist;
				INFOPLIST_KEY_UIApplicationSupportsIndirectInputEvents = YES;
				INFOPLIST_KEY_UILaunchStoryboardName = LaunchScreen;
				INFOPLIST_KEY_UIMainStoryboardFile = Main;
				INFOPLIST_KEY_UISupportedInterfaceOrientations_iPad = "UIInterfaceOrientationPortrait UIInterfaceOrientationPortraitUpsideDown UIInterfaceOrientationLandscapeLeft UIInterfaceOrientationLandscapeRight";
				INFOPLIST_KEY_UISupportedInterfaceOrientations_iPhone = "UIInterfaceOrientationPortrait UIInterfaceOrientationLandscapeLeft UIInterfaceOrientationLandscapeRight";
				LD_RUNPATH_SEARCH_PATHS = (
					"$(inherited)",
					"@executable_path/Frameworks",
				);
				MARKETING_VERSION = 1.0;
				PRODUCT_BUNDLE_IDENTIFIER = ll.Lesson2Excercise;
				PRODUCT_NAME = "$(TARGET_NAME)";
				SWIFT_EMIT_LOC_STRINGS = YES;
				SWIFT_VERSION = 5.0;
				TARGETED_DEVICE_FAMILY = "1,2";
			};
			name = Release;
		};
		FA48227929508E5200CFBF0D /* Debug */ = {
			isa = XCBuildConfiguration;
			buildSettings = {
				ALWAYS_EMBED_SWIFT_STANDARD_LIBRARIES = YES;
				BUNDLE_LOADER = "$(TEST_HOST)";
				CODE_SIGN_STYLE = Automatic;
				CURRENT_PROJECT_VERSION = 1;
				GENERATE_INFOPLIST_FILE = YES;
				IPHONEOS_DEPLOYMENT_TARGET = 16.2;
				MARKETING_VERSION = 1.0;
				PRODUCT_BUNDLE_IDENTIFIER = ll.Lesson2ExcerciseTests;
				PRODUCT_NAME = "$(TARGET_NAME)";
				SWIFT_EMIT_LOC_STRINGS = NO;
				SWIFT_VERSION = 5.0;
				TARGETED_DEVICE_FAMILY = "1,2";
				TEST_HOST = "$(BUILT_PRODUCTS_DIR)/Lesson2Excercise.app/$(BUNDLE_EXECUTABLE_FOLDER_PATH)/Lesson2Excercise";
			};
			name = Debug;
		};
		FA48227A29508E5200CFBF0D /* Release */ = {
			isa = XCBuildConfiguration;
			buildSettings = {
				ALWAYS_EMBED_SWIFT_STANDARD_LIBRARIES = YES;
				BUNDLE_LOADER = "$(TEST_HOST)";
				CODE_SIGN_STYLE = Automatic;
				CURRENT_PROJECT_VERSION = 1;
				GENERATE_INFOPLIST_FILE = YES;
				IPHONEOS_DEPLOYMENT_TARGET = 16.2;
				MARKETING_VERSION = 1.0;
				PRODUCT_BUNDLE_IDENTIFIER = ll.Lesson2ExcerciseTests;
				PRODUCT_NAME = "$(TARGET_NAME)";
				SWIFT_EMIT_LOC_STRINGS = NO;
				SWIFT_VERSION = 5.0;
				TARGETED_DEVICE_FAMILY = "1,2";
				TEST_HOST = "$(BUILT_PRODUCTS_DIR)/Lesson2Excercise.app/$(BUNDLE_EXECUTABLE_FOLDER_PATH)/Lesson2Excercise";
			};
			name = Release;
		};
		FA48227C29508E5200CFBF0D /* Debug */ = {
			isa = XCBuildConfiguration;
			buildSettings = {
				ALWAYS_EMBED_SWIFT_STANDARD_LIBRARIES = YES;
				CODE_SIGN_STYLE = Automatic;
				CURRENT_PROJECT_VERSION = 1;
				GENERATE_INFOPLIST_FILE = YES;
				MARKETING_VERSION = 1.0;
				PRODUCT_BUNDLE_IDENTIFIER = ll.Lesson2ExcerciseUITests;
				PRODUCT_NAME = "$(TARGET_NAME)";
				SWIFT_EMIT_LOC_STRINGS = NO;
				SWIFT_VERSION = 5.0;
				TARGETED_DEVICE_FAMILY = "1,2";
				TEST_TARGET_NAME = Lesson2Excercise;
			};
			name = Debug;
		};
		FA48227D29508E5200CFBF0D /* Release */ = {
			isa = XCBuildConfiguration;
			buildSettings = {
				ALWAYS_EMBED_SWIFT_STANDARD_LIBRARIES = YES;
				CODE_SIGN_STYLE = Automatic;
				CURRENT_PROJECT_VERSION = 1;
				GENERATE_INFOPLIST_FILE = YES;
				MARKETING_VERSION = 1.0;
				PRODUCT_BUNDLE_IDENTIFIER = ll.Lesson2ExcerciseUITests;
				PRODUCT_NAME = "$(TARGET_NAME)";
				SWIFT_EMIT_LOC_STRINGS = NO;
				SWIFT_VERSION = 5.0;
				TARGETED_DEVICE_FAMILY = "1,2";
				TEST_TARGET_NAME = Lesson2Excercise;
			};
			name = Release;
		};
/* End XCBuildConfiguration section */

/* Begin XCConfigurationList section */
		FA48224629508E5100CFBF0D /* Build configuration list for PBXProject "Lesson2Excercise" */ = {
			isa = XCConfigurationList;
			buildConfigurations = (
				FA48227329508E5200CFBF0D /* Debug */,
				FA48227429508E5200CFBF0D /* Release */,
			);
			defaultConfigurationIsVisible = 0;
			defaultConfigurationName = Release;
		};
		FA48227529508E5200CFBF0D /* Build configuration list for PBXNativeTarget "Lesson2Excercise" */ = {
			isa = XCConfigurationList;
			buildConfigurations = (
				FA48227629508E5200CFBF0D /* Debug */,
				FA48227729508E5200CFBF0D /* Release */,
			);
			defaultConfigurationIsVisible = 0;
			defaultConfigurationName = Release;
		};
		FA48227829508E5200CFBF0D /* Build configuration list for PBXNativeTarget "Lesson2ExcerciseTests" */ = {
			isa = XCConfigurationList;
			buildConfigurations = (
				FA48227929508E5200CFBF0D /* Debug */,
				FA48227A29508E5200CFBF0D /* Release */,
			);
			defaultConfigurationIsVisible = 0;
			defaultConfigurationName = Release;
		};
		FA48227B29508E5200CFBF0D /* Build configuration list for PBXNativeTarget "Lesson2ExcerciseUITests" */ = {
			isa = XCConfigurationList;
			buildConfigurations = (
				FA48227C29508E5200CFBF0D /* Debug */,
				FA48227D29508E5200CFBF0D /* Release */,
			);
			defaultConfigurationIsVisible = 0;
			defaultConfigurationName = Release;
		};
/* End XCConfigurationList section */
	};
	rootObject = FA48224329508E5100CFBF0D /* Project object */;
}
